
Microsoft Visual Studio Solution File, Format Version 12.00
# Visual Studio Version 16
VisualStudioVersion = 16.0.29613.14
MinimumVisualStudioVersion = 10.0.40219.1
Project("{FAE04EC0-301F-11D3-BF4B-00C04F79EFBC}") = "WebApplication2", "WebApplication2\WebApplication2.csproj", "{1D753A85-5C84-47AD-BD1F-E1E14E6C9E23}"
EndProject
Global
	GlobalSection(SolutionConfigurationPlatforms) = preSolution
		Debug|Any CPU = Debug|Any CPU
		Release|Any CPU = Release|Any CPU
	EndGlobalSection
	GlobalSection(ProjectConfigurationPlatforms) = postSolution
		{1D753A85-5C84-47AD-BD1F-E1E14E6C9E23}.Debug|Any CPU.ActiveCfg = Debug|Any CPU
		{1D753A85-5C84-47AD-BD1F-E1E14E6C9E23}.Debug|Any CPU.Build.0 = Debug|Any CPU
		{1D753A85-5C84-47AD-BD1F-E1E14E6C9E23}.Release|Any CPU.ActiveCfg = Release|Any CPU
		{1D753A85-5C84-47AD-BD1F-E1E14E6C9E23}.Release|Any CPU.Build.0 = Release|Any CPU
	EndGlobalSection
	GlobalSection(SolutionProperties) = preSolution
		HideSolutionNode = FALSE
	EndGlobalSection
	GlobalSection(ExtensibilityGlobals) = postSolution
		SolutionGuid = {0E77BA25-CCD0-4C48-B701-C7E9EA19A03F}
	EndGlobalSection
EndGlobal
